
Microsoft Visual Studio Solution File, Format Version 12.00
# Visual Studio Version 17
VisualStudioVersion = 17.3.32819.101
MinimumVisualStudioVersion = 10.0.40219.1
Project("{FAE04EC0-301F-11D3-BF4B-00C04F79EFBC}") = "Entidades", "Entidades\Entidades.csproj", "{95A62FB5-F98D-43B2-8AF1-F7FC2F362418}"
EndProject
Project("{FAE04EC0-301F-11D3-BF4B-00C04F79EFBC}") = "Logica", "Logica\Logica.csproj", "{F8191562-17AB-435F-8E6A-02DB9736F572}"
EndProject
Project("{FAE04EC0-301F-11D3-BF4B-00C04F79EFBC}") = "Datos", "Datos\Datos.csproj", "{1CACF005-557D-46E9-AAE2-CD2D5E7F75EE}"
EndProject
Project("{FAE04EC0-301F-11D3-BF4B-00C04F79EFBC}") = "Gestion Ciber-Cafe-GUI", "Gestion Ciber-Cafe-GUI\Gestion Ciber-Cafe-GUI.csproj", "{7DB1FEBE-01E5-4B01-8375-DE19155B7CD0}"
EndProject
Global
	GlobalSection(SolutionConfigurationPlatforms) = preSolution
		Debug|Any CPU = Debug|Any CPU
		Release|Any CPU = Release|Any CPU
	EndGlobalSection
	GlobalSection(ProjectConfigurationPlatforms) = postSolution
		{95A62FB5-F98D-43B2-8AF1-F7FC2F362418}.Debug|Any CPU.ActiveCfg = Debug|Any CPU
		{95A62FB5-F98D-43B2-8AF1-F7FC2F362418}.Debug|Any CPU.Build.0 = Debug|Any CPU
		{95A62FB5-F98D-43B2-8AF1-F7FC2F362418}.Release|Any CPU.ActiveCfg = Release|Any CPU
		{95A62FB5-F98D-43B2-8AF1-F7FC2F362418}.Release|Any CPU.Build.0 = Release|Any CPU
		{F8191562-17AB-435F-8E6A-02DB9736F572}.Debug|Any CPU.ActiveCfg = Debug|Any CPU
		{F8191562-17AB-435F-8E6A-02DB9736F572}.Debug|Any CPU.Build.0 = Debug|Any CPU
		{F8191562-17AB-435F-8E6A-02DB9736F572}.Release|Any CPU.ActiveCfg = Release|Any CPU
		{F8191562-17AB-435F-8E6A-02DB9736F572}.Release|Any CPU.Build.0 = Release|Any CPU
		{1CACF005-557D-46E9-AAE2-CD2D5E7F75EE}.Debug|Any CPU.ActiveCfg = Debug|Any CPU
		{1CACF005-557D-46E9-AAE2-CD2D5E7F75EE}.Debug|Any CPU.Build.0 = Debug|Any CPU
		{1CACF005-557D-46E9-AAE2-CD2D5E7F75EE}.Release|Any CPU.ActiveCfg = Release|Any CPU
		{1CACF005-557D-46E9-AAE2-CD2D5E7F75EE}.Release|Any CPU.Build.0 = Release|Any CPU
		{7DB1FEBE-01E5-4B01-8375-DE19155B7CD0}.Debug|Any CPU.ActiveCfg = Debug|Any CPU
		{7DB1FEBE-01E5-4B01-8375-DE19155B7CD0}.Debug|Any CPU.Build.0 = Debug|Any CPU
		{7DB1FEBE-01E5-4B01-8375-DE19155B7CD0}.Release|Any CPU.ActiveCfg = Release|Any CPU
		{7DB1FEBE-01E5-4B01-8375-DE19155B7CD0}.Release|Any CPU.Build.0 = Release|Any CPU
	EndGlobalSection
	GlobalSection(SolutionProperties) = preSolution
		HideSolutionNode = FALSE
	EndGlobalSection
	GlobalSection(ExtensibilityGlobals) = postSolution
		SolutionGuid = {3F46FAC8-17D0-4063-807E-D5ABEDC924A1}
	EndGlobalSection
EndGlobal
